
Microsoft Visual Studio Solution File, Format Version 12.00
# Visual Studio Version 17
VisualStudioVersion = 17.5.002.0
MinimumVisualStudioVersion = 10.0.40219.1
Project("{9A19103F-16F7-4668-BE54-9A1E7A4F7556}") = "Task3", "Task3.csproj", "{B4A108C4-DF9D-4DA5-B685-15DBFCBF7F4C}"
EndProject
Global
	GlobalSection(SolutionConfigurationPlatforms) = preSolution
		Debug|Any CPU = Debug|Any CPU
		Release|Any CPU = Release|Any CPU
	EndGlobalSection
	GlobalSection(ProjectConfigurationPlatforms) = postSolution
		{B4A108C4-DF9D-4DA5-B685-15DBFCBF7F4C}.Debug|Any CPU.ActiveCfg = Debug|Any CPU
		{B4A108C4-DF9D-4DA5-B685-15DBFCBF7F4C}.Debug|Any CPU.Build.0 = Debug|Any CPU
		{B4A108C4-DF9D-4DA5-B685-15DBFCBF7F4C}.Release|Any CPU.ActiveCfg = Release|Any CPU
		{B4A108C4-DF9D-4DA5-B685-15DBFCBF7F4C}.Release|Any CPU.Build.0 = Release|Any CPU
	EndGlobalSection
	GlobalSection(SolutionProperties) = preSolution
		HideSolutionNode = FALSE
	EndGlobalSection
	GlobalSection(ExtensibilityGlobals) = postSolution
		SolutionGuid = {02FB1B6D-8732-4B65-A9A4-BFBAED56D11D}
	EndGlobalSection
EndGlobal
